// !$*UTF8*$!
{
	archiveVersion = 1;
	classes = {
	};
	objectVersion = 55;
	objects = {

/* Begin PBXBuildFile section */
		AAF2344127246AEF005A940C /* AppDelegate.swift in Sources */ = {isa = PBXBuildFile; fileRef = AAF2344027246AEF005A940C /* AppDelegate.swift */; };
		AAF2344327246AEF005A940C /* SceneDelegate.swift in Sources */ = {isa = PBXBuildFile; fileRef = AAF2344227246AEF005A940C /* SceneDelegate.swift */; };
		AAF2344527246AEF005A940C /* ViewController.swift in Sources */ = {isa = PBXBuildFile; fileRef = AAF2344427246AEF005A940C /* ViewController.swift */; };
		AAF2344827246AEF005A940C /* Main.storyboard in Resources */ = {isa = PBXBuildFile; fileRef = AAF2344627246AEF005A940C /* Main.storyboard */; };
		AAF2344A27246AF1005A940C /* Assets.xcassets in Resources */ = {isa = PBXBuildFile; fileRef = AAF2344927246AF1005A940C /* Assets.xcassets */; };
		AAF2344D27246AF1005A940C /* LaunchScreen.storyboard in Resources */ = {isa = PBXBuildFile; fileRef = AAF2344B27246AF1005A940C /* LaunchScreen.storyboard */; };
		AAF2345527246B1F005A940C /* GoogleService-Info.plist in Resources */ = {isa = PBXBuildFile; fileRef = AAF2345427246B1F005A940C /* GoogleService-Info.plist */; };
		AAF2345827246BD2005A940C /* FirebaseDatabase in Frameworks */ = {isa = PBXBuildFile; productRef = AAF2345727246BD2005A940C /* FirebaseDatabase */; };
		AAF2345B27246C43005A940C /* FirebaseDatabaseController.swift in Sources */ = {isa = PBXBuildFile; fileRef = AAF2345A27246C43005A940C /* FirebaseDatabaseController.swift */; };
		AAF2345D27246DE2005A940C /* Listener.swift in Sources */ = {isa = PBXBuildFile; fileRef = AAF2345C27246DE2005A940C /* Listener.swift */; };
/* End PBXBuildFile section */

/* Begin PBXFileReference section */
		AAF2343D27246AEF005A940C /* MediumReactiveTest.app */ = {isa = PBXFileReference; explicitFileType = wrapper.application; includeInIndex = 0; path = MediumReactiveTest.app; sourceTree = BUILT_PRODUCTS_DIR; };
		AAF2344027246AEF005A940C /* AppDelegate.swift */ = {isa = PBXFileReference; lastKnownFileType = sourcecode.swift; path = AppDelegate.swift; sourceTree = "<group>"; };
		AAF2344227246AEF005A940C /* SceneDelegate.swift */ = {isa = PBXFileReference; lastKnownFileType = sourcecode.swift; path = SceneDelegate.swift; sourceTree = "<group>"; };
		AAF2344427246AEF005A940C /* ViewController.swift */ = {isa = PBXFileReference; lastKnownFileType = sourcecode.swift; path = ViewController.swift; sourceTree = "<group>"; };
		AAF2344727246AEF005A940C /* Base */ = {isa = PBXFileReference; lastKnownFileType = file.storyboard; name = Base; path = Base.lproj/Main.storyboard; sourceTree = "<group>"; };
		AAF2344927246AF1005A940C /* Assets.xcassets */ = {isa = PBXFileReference; lastKnownFileType = folder.assetcatalog; path = Assets.xcassets; sourceTree = "<group>"; };
		AAF2344C27246AF1005A940C /* Base */ = {isa = PBXFileReference; lastKnownFileType = file.storyboard; name = Base; path = Base.lproj/LaunchScreen.storyboard; sourceTree = "<group>"; };
		AAF2344E27246AF1005A940C /* Info.plist */ = {isa = PBXFileReference; lastKnownFileType = text.plist.xml; path = Info.plist; sourceTree = "<group>"; };
		AAF2345427246B1F005A940C /* GoogleService-Info.plist */ = {isa = PBXFileReference; fileEncoding = 4; lastKnownFileType = text.plist.xml; path = "GoogleService-Info.plist"; sourceTree = "<group>"; };
		AAF2345A27246C43005A940C /* FirebaseDatabaseController.swift */ = {isa = PBXFileReference; lastKnownFileType = sourcecode.swift; path = FirebaseDatabaseController.swift; sourceTree = "<group>"; };
		AAF2345C27246DE2005A940C /* Listener.swift */ = {isa = PBXFileReference; lastKnownFileType = sourcecode.swift; path = Listener.swift; sourceTree = "<group>"; };
/* End PBXFileReference section */

/* Begin PBXFrameworksBuildPhase section */
		AAF2343A27246AEF005A940C /* Frameworks */ = {
			isa = PBXFrameworksBuildPhase;
			buildActionMask = 2147483647;
			files = (
				AAF2345827246BD2005A940C /* FirebaseDatabase in Frameworks */,
			);
			runOnlyForDeploymentPostprocessing = 0;
		};
/* End PBXFrameworksBuildPhase section */

/* Begin PBXGroup section */
		AAF2343427246AEF005A940C = {
			isa = PBXGroup;
			children = (
				AAF2343F27246AEF005A940C /* MediumReactiveTest */,
				AAF2343E27246AEF005A940C /* Products */,
			);
			sourceTree = "<group>";
		};
		AAF2343E27246AEF005A940C /* Products */ = {
			isa = PBXGroup;
			children = (
				AAF2343D27246AEF005A940C /* MediumReactiveTest.app */,
			);
			name = Products;
			sourceTree = "<group>";
		};
		AAF2343F27246AEF005A940C /* MediumReactiveTest */ = {
			isa = PBXGroup;
			children = (
				AAF2345427246B1F005A940C /* GoogleService-Info.plist */,
				AAF2344027246AEF005A940C /* AppDelegate.swift */,
				AAF2344227246AEF005A940C /* SceneDelegate.swift */,
				AAF2345927246C34005A940C /* Controller */,
				AAF2344627246AEF005A940C /* Main.storyboard */,
				AAF2344927246AF1005A940C /* Assets.xcassets */,
				AAF2344B27246AF1005A940C /* LaunchScreen.storyboard */,
				AAF2344E27246AF1005A940C /* Info.plist */,
			);
			path = MediumReactiveTest;
			sourceTree = "<group>";
		};
		AAF2345927246C34005A940C /* Controller */ = {
			isa = PBXGroup;
			children = (
				AAF2344427246AEF005A940C /* ViewController.swift */,
				AAF2345A27246C43005A940C /* FirebaseDatabaseController.swift */,
				AAF2345C27246DE2005A940C /* Listener.swift */,
			);
			path = Controller;
			sourceTree = "<group>";
		};
/* End PBXGroup section */

/* Begin PBXNativeTarget section */
		AAF2343C27246AEF005A940C /* MediumReactiveTest */ = {
			isa = PBXNativeTarget;
			buildConfigurationList = AAF2345127246AF1005A940C /* Build configuration list for PBXNativeTarget "MediumReactiveTest" */;
			buildPhases = (
				AAF2343927246AEF005A940C /* Sources */,
				AAF2343A27246AEF005A940C /* Frameworks */,
				AAF2343B27246AEF005A940C /* Resources */,
			);
			buildRules = (
			);
			dependencies = (
			);
			name = MediumReactiveTest;
			packageProductDependencies = (
				AAF2345727246BD2005A940C /* FirebaseDatabase */,
			);
			productName = MediumReactiveTest;
			productReference = AAF2343D27246AEF005A940C /* MediumReactiveTest.app */;
			productType = "com.apple.product-type.application";
		};
/* End PBXNativeTarget section */

/* Begin PBXProject section */
		AAF2343527246AEF005A940C /* Project object */ = {
			isa = PBXProject;
			attributes = {
				BuildIndependentTargetsInParallel = 1;
				LastSwiftUpdateCheck = 1300;
				LastUpgradeCheck = 1300;
				TargetAttributes = {
					AAF2343C27246AEF005A940C = {
						CreatedOnToolsVersion = 13.0;
					};
				};
			};
			buildConfigurationList = AAF2343827246AEF005A940C /* Build configuration list for PBXProject "MediumReactiveTest" */;
			compatibilityVersion = "Xcode 13.0";
			developmentRegion = en;
			hasScannedForEncodings = 0;
			knownRegions = (
				en,
				Base,
			);
			mainGroup = AAF2343427246AEF005A940C;
			packageReferences = (
				AAF2345627246BD2005A940C /* XCRemoteSwiftPackageReference "firebase-ios-sdk" */,
			);
			productRefGroup = AAF2343E27246AEF005A940C /* Products */;
			projectDirPath = "";
			projectRoot = "";
			targets = (
				AAF2343C27246AEF005A940C /* MediumReactiveTest */,
			);
		};
/* End PBXProject section */

/* Begin PBXResourcesBuildPhase section */
		AAF2343B27246AEF005A940C /* Resources */ = {
			isa = PBXResourcesBuildPhase;
			buildActionMask = 2147483647;
			files = (
				AAF2344D27246AF1005A940C /* LaunchScreen.storyboard in Resources */,
				AAF2344A27246AF1005A940C /* Assets.xcassets in Resources */,
				AAF2344827246AEF005A940C /* Main.storyboard in Resources */,
				AAF2345527246B1F005A940C /* GoogleService-Info.plist in Resources */,
			);
			runOnlyForDeploymentPostprocessing = 0;
		};
/* End PBXResourcesBuildPhase section */

/* Begin PBXSourcesBuildPhase section */
		AAF2343927246AEF005A940C /* Sources */ = {
			isa = PBXSourcesBuildPhase;
			buildActionMask = 2147483647;
			files = (
				AAF2344527246AEF005A940C /* ViewController.swift in Sources */,
				AAF2344127246AEF005A940C /* AppDelegate.swift in Sources */,
				AAF2345B27246C43005A940C /* FirebaseDatabaseController.swift in Sources */,
				AAF2344327246AEF005A940C /* SceneDelegate.swift in Sources */,
				AAF2345D27246DE2005A940C /* Listener.swift in Sources */,
			);
			runOnlyForDeploymentPostprocessing = 0;
		};
/* End PBXSourcesBuildPhase section */

/* Begin PBXVariantGroup section */
		AAF2344627246AEF005A940C /* Main.storyboard */ = {
			isa = PBXVariantGroup;
			children = (
				AAF2344727246AEF005A940C /* Base */,
			);
			name = Main.storyboard;
			sourceTree = "<group>";
		};
		AAF2344B27246AF1005A940C /* LaunchScreen.storyboard */ = {
			isa = PBXVariantGroup;
			children = (
				AAF2344C27246AF1005A940C /* Base */,
			);
			name = LaunchScreen.storyboard;
			sourceTree = "<group>";
		};
/* End PBXVariantGroup section */

/* Begin XCBuildConfiguration section */
		AAF2344F27246AF1005A940C /* Debug */ = {
			isa = XCBuildConfiguration;
			buildSettings = {
				ALWAYS_SEARCH_USER_PATHS = NO;
				CLANG_ANALYZER_NONNULL = YES;
				CLANG_ANALYZER_NUMBER_OBJECT_CONVERSION = YES_AGGRESSIVE;
				CLANG_CXX_LANGUAGE_STANDARD = "gnu++17";
				CLANG_CXX_LIBRARY = "libc++";
				CLANG_ENABLE_MODULES = YES;
				CLANG_ENABLE_OBJC_ARC = YES;
				CLANG_ENABLE_OBJC_WEAK = YES;
				CLANG_WARN_BLOCK_CAPTURE_AUTORELEASING = YES;
				CLANG_WARN_BOOL_CONVERSION = YES;
				CLANG_WARN_COMMA = YES;
				CLANG_WARN_CONSTANT_CONVERSION = YES;
				CLANG_WARN_DEPRECATED_OBJC_IMPLEMENTATIONS = YES;
				CLANG_WARN_DIRECT_OBJC_ISA_USAGE = YES_ERROR;
				CLANG_WARN_DOCUMENTATION_COMMENTS = YES;
				CLANG_WARN_EMPTY_BODY = YES;
				CLANG_WARN_ENUM_CONVERSION = YES;
				CLANG_WARN_INFINITE_RECURSION = YES;
				CLANG_WARN_INT_CONVERSION = YES;
				CLANG_WARN_NON_LITERAL_NULL_CONVERSION = YES;
				CLANG_WARN_OBJC_IMPLICIT_RETAIN_SELF = YES;
				CLANG_WARN_OBJC_LITERAL_CONVERSION = YES;
				CLANG_WARN_OBJC_ROOT_CLASS = YES_ERROR;
				CLANG_WARN_QUOTED_INCLUDE_IN_FRAMEWORK_HEADER = YES;
				CLANG_WARN_RANGE_LOOP_ANALYSIS = YES;
				CLANG_WARN_STRICT_PROTOTYPES = YES;
				CLANG_WARN_SUSPICIOUS_MOVE = YES;
				CLANG_WARN_UNGUARDED_AVAILABILITY = YES_AGGRESSIVE;
				CLANG_WARN_UNREACHABLE_CODE = YES;
				CLANG_WARN__DUPLICATE_METHOD_MATCH = YES;
				COPY_PHASE_STRIP = NO;
				DEBUG_INFORMATION_FORMAT = dwarf;
				ENABLE_STRICT_OBJC_MSGSEND = YES;
				ENABLE_TESTABILITY = YES;
				GCC_C_LANGUAGE_STANDARD = gnu11;
				GCC_DYNAMIC_NO_PIC = NO;
				GCC_NO_COMMON_BLOCKS = YES;
				GCC_OPTIMIZATION_LEVEL = 0;
				GCC_PREPROCESSOR_DEFINITIONS = (
					"DEBUG=1",
					"$(inherited)",
				);
				GCC_WARN_64_TO_32_BIT_CONVERSION = YES;
				GCC_WARN_ABOUT_RETURN_TYPE = YES_ERROR;
				GCC_WARN_UNDECLARED_SELECTOR = YES;
				GCC_WARN_UNINITIALIZED_AUTOS = YES_AGGRESSIVE;
				GCC_WARN_UNUSED_FUNCTION = YES;
				GCC_WARN_UNUSED_VARIABLE = YES;
				IPHONEOS_DEPLOYMENT_TARGET = 15.0;
				MTL_ENABLE_DEBUG_INFO = INCLUDE_SOURCE;
				MTL_FAST_MATH = YES;
				ONLY_ACTIVE_ARCH = YES;
				SDKROOT = iphoneos;
				SWIFT_ACTIVE_COMPILATION_CONDITIONS = DEBUG;
				SWIFT_OPTIMIZATION_LEVEL = "-Onone";
			};
			name = Debug;
		};
		AAF2345027246AF1005A940C /* Release */ = {
			isa = XCBuildConfiguration;
			buildSettings = {
				ALWAYS_SEARCH_USER_PATHS = NO;
				CLANG_ANALYZER_NONNULL = YES;
				CLANG_ANALYZER_NUMBER_OBJECT_CONVERSION = YES_AGGRESSIVE;
				CLANG_CXX_LANGUAGE_STANDARD = "gnu++17";
				CLANG_CXX_LIBRARY = "libc++";
				CLANG_ENABLE_MODULES = YES;
				CLANG_ENABLE_OBJC_ARC = YES;
				CLANG_ENABLE_OBJC_WEAK = YES;
				CLANG_WARN_BLOCK_CAPTURE_AUTORELEASING = YES;
				CLANG_WARN_BOOL_CONVERSION = YES;
				CLANG_WARN_COMMA = YES;
				CLANG_WARN_CONSTANT_CONVERSION = YES;
				CLANG_WARN_DEPRECATED_OBJC_IMPLEMENTATIONS = YES;
				CLANG_WARN_DIRECT_OBJC_ISA_USAGE = YES_ERROR;
				CLANG_WARN_DOCUMENTATION_COMMENTS = YES;
				CLANG_WARN_EMPTY_BODY = YES;
				CLANG_WARN_ENUM_CONVERSION = YES;
				CLANG_WARN_INFINITE_RECURSION = YES;
				CLANG_WARN_INT_CONVERSION = YES;
				CLANG_WARN_NON_LITERAL_NULL_CONVERSION = YES;
				CLANG_WARN_OBJC_IMPLICIT_RETAIN_SELF = YES;
				CLANG_WARN_OBJC_LITERAL_CONVERSION = YES;
				CLANG_WARN_OBJC_ROOT_CLASS = YES_ERROR;
				CLANG_WARN_QUOTED_INCLUDE_IN_FRAMEWORK_HEADER = YES;
				CLANG_WARN_RANGE_LOOP_ANALYSIS = YES;
				CLANG_WARN_STRICT_PROTOTYPES = YES;
				CLANG_WARN_SUSPICIOUS_MOVE = YES;
				CLANG_WARN_UNGUARDED_AVAILABILITY = YES_AGGRESSIVE;
				CLANG_WARN_UNREACHABLE_CODE = YES;
				CLANG_WARN__DUPLICATE_METHOD_MATCH = YES;
				COPY_PHASE_STRIP = NO;
				DEBUG_INFORMATION_FORMAT = "dwarf-with-dsym";
				ENABLE_NS_ASSERTIONS = NO;
				ENABLE_STRICT_OBJC_MSGSEND = YES;
				GCC_C_LANGUAGE_STANDARD = gnu11;
				GCC_NO_COMMON_BLOCKS = YES;
				GCC_WARN_64_TO_32_BIT_CONVERSION = YES;
				GCC_WARN_ABOUT_RETURN_TYPE = YES_ERROR;
				GCC_WARN_UNDECLARED_SELECTOR = YES;
				GCC_WARN_UNINITIALIZED_AUTOS = YES_AGGRESSIVE;
				GCC_WARN_UNUSED_FUNCTION = YES;
				GCC_WARN_UNUSED_VARIABLE = YES;
				IPHONEOS_DEPLOYMENT_TARGET = 15.0;
				MTL_ENABLE_DEBUG_INFO = NO;
				MTL_FAST_MATH = YES;
				SDKROOT = iphoneos;
				SWIFT_COMPILATION_MODE = wholemodule;
				SWIFT_OPTIMIZATION_LEVEL = "-O";
				VALIDATE_PRODUCT = YES;
			};
			name = Release;
		};
		AAF2345227246AF1005A940C /* Debug */ = {
			isa = XCBuildConfiguration;
			buildSettings = {
				ASSETCATALOG_COMPILER_APPICON_NAME = AppIcon;
				ASSETCATALOG_COMPILER_GLOBAL_ACCENT_COLOR_NAME = AccentColor;
				CODE_SIGN_STYLE = Automatic;
				CURRENT_PROJECT_VERSION = 1;
				GENERATE_INFOPLIST_FILE = YES;
				INFOPLIST_FILE = MediumReactiveTest/Info.plist;
				INFOPLIST_KEY_UIApplicationSupportsIndirectInputEvents = YES;
				INFOPLIST_KEY_UILaunchStoryboardName = LaunchScreen;
				INFOPLIST_KEY_UIMainStoryboardFile = Main;
				INFOPLIST_KEY_UISupportedInterfaceOrientations_iPad = "UIInterfaceOrientationPortrait UIInterfaceOrientationPortraitUpsideDown UIInterfaceOrientationLandscapeLeft UIInterfaceOrientationLandscapeRight";
				INFOPLIST_KEY_UISupportedInterfaceOrientations_iPhone = "UIInterfaceOrientationPortrait UIInterfaceOrientationLandscapeLeft UIInterfaceOrientationLandscapeRight";
				LD_RUNPATH_SEARCH_PATHS = (
					"$(inherited)",
					"@executable_path/Frameworks",
				);
				MARKETING_VERSION = 1.0;
				PRODUCT_BUNDLE_IDENTIFIER = com.kennydubroff.MediumReactiveTest;
				PRODUCT_NAME = "$(TARGET_NAME)";
				SWIFT_EMIT_LOC_STRINGS = YES;
				SWIFT_VERSION = 5.0;
				TARGETED_DEVICE_FAMILY = "1,2";
			};
			name = Debug;
		};
		AAF2345327246AF1005A940C /* Release */ = {
			isa = XCBuildConfiguration;
			buildSettings = {
				ASSETCATALOG_COMPILER_APPICON_NAME = AppIcon;
				ASSETCATALOG_COMPILER_GLOBAL_ACCENT_COLOR_NAME = AccentColor;
				CODE_SIGN_STYLE = Automatic;
				CURRENT_PROJECT_VERSION = 1;
				GENERATE_INFOPLIST_FILE = YES;
				INFOPLIST_FILE = MediumReactiveTest/Info.plist;
				INFOPLIST_KEY_UIApplicationSupportsIndirectInputEvents = YES;
				INFOPLIST_KEY_UILaunchStoryboardName = LaunchScreen;
				INFOPLIST_KEY_UIMainStoryboardFile = Main;
				INFOPLIST_KEY_UISupportedInterfaceOrientations_iPad = "UIInterfaceOrientationPortrait UIInterfaceOrientationPortraitUpsideDown UIInterfaceOrientationLandscapeLeft UIInterfaceOrientationLandscapeRight";
				INFOPLIST_KEY_UISupportedInterfaceOrientations_iPhone = "UIInterfaceOrientationPortrait UIInterfaceOrientationLandscapeLeft UIInterfaceOrientationLandscapeRight";
				LD_RUNPATH_SEARCH_PATHS = (
					"$(inherited)",
					"@executable_path/Frameworks",
				);
				MARKETING_VERSION = 1.0;
				PRODUCT_BUNDLE_IDENTIFIER = com.kennydubroff.MediumReactiveTest;
				PRODUCT_NAME = "$(TARGET_NAME)";
				SWIFT_EMIT_LOC_STRINGS = YES;
				SWIFT_VERSION = 5.0;
				TARGETED_DEVICE_FAMILY = "1,2";
			};
			name = Release;
		};
/* End XCBuildConfiguration section */

/* Begin XCConfigurationList section */
		AAF2343827246AEF005A940C /* Build configuration list for PBXProject "MediumReactiveTest" */ = {
			isa = XCConfigurationList;
			buildConfigurations = (
				AAF2344F27246AF1005A940C /* Debug */,
				AAF2345027246AF1005A940C /* Release */,
			);
			defaultConfigurationIsVisible = 0;
			defaultConfigurationName = Release;
		};
		AAF2345127246AF1005A940C /* Build configuration list for PBXNativeTarget "MediumReactiveTest" */ = {
			isa = XCConfigurationList;
			buildConfigurations = (
				AAF2345227246AF1005A940C /* Debug */,
				AAF2345327246AF1005A940C /* Release */,
			);
			defaultConfigurationIsVisible = 0;
			defaultConfigurationName = Release;
		};
/* End XCConfigurationList section */

/* Begin XCRemoteSwiftPackageReference section */
		AAF2345627246BD2005A940C /* XCRemoteSwiftPackageReference "firebase-ios-sdk" */ = {
			isa = XCRemoteSwiftPackageReference;
			repositoryURL = "https://github.com/firebase/firebase-ios-sdk.git";
			requirement = {
				kind = upToNextMajorVersion;
				minimumVersion = 8.0.0;
			};
		};
/* End XCRemoteSwiftPackageReference section */

/* Begin XCSwiftPackageProductDependency section */
		AAF2345727246BD2005A940C /* FirebaseDatabase */ = {
			isa = XCSwiftPackageProductDependency;
			package = AAF2345627246BD2005A940C /* XCRemoteSwiftPackageReference "firebase-ios-sdk" */;
			productName = FirebaseDatabase;
		};
/* End XCSwiftPackageProductDependency section */
	};
	rootObject = AAF2343527246AEF005A940C /* Project object */;
}
